// !$*UTF8*$!
{
	archiveVersion = 1;
	classes = {
	};
	objectVersion = 56;
	objects = {

/* Begin PBXBuildFile section */
		F15FB90D2AA77C39001580D2 /* Rick_MortyApp.swift in Sources */ = {isa = PBXBuildFile; fileRef = F15FB90C2AA77C39001580D2 /* Rick_MortyApp.swift */; };
		F15FB90F2AA77C39001580D2 /* CharacterView.swift in Sources */ = {isa = PBXBuildFile; fileRef = F15FB90E2AA77C39001580D2 /* CharacterView.swift */; };
		F15FB9112AA77C3A001580D2 /* Assets.xcassets in Resources */ = {isa = PBXBuildFile; fileRef = F15FB9102AA77C3A001580D2 /* Assets.xcassets */; };
		F15FB9142AA77C3A001580D2 /* Preview Assets.xcassets in Resources */ = {isa = PBXBuildFile; fileRef = F15FB9132AA77C3A001580D2 /* Preview Assets.xcassets */; };
		F15FB93B2AA78951001580D2 /* ApiNetwork.swift in Sources */ = {isa = PBXBuildFile; fileRef = F15FB93A2AA78951001580D2 /* ApiNetwork.swift */; };
		F15FB93D2AA78958001580D2 /* ApiNetworkMock.swift in Sources */ = {isa = PBXBuildFile; fileRef = F15FB93C2AA78958001580D2 /* ApiNetworkMock.swift */; };
		F15FB93F2AA78964001580D2 /* ApiNetworkModel.swift in Sources */ = {isa = PBXBuildFile; fileRef = F15FB93E2AA78964001580D2 /* ApiNetworkModel.swift */; };
		F15FB9412AA78A29001580D2 /* ApiNetworkConfiguration.swift in Sources */ = {isa = PBXBuildFile; fileRef = F15FB9402AA78A29001580D2 /* ApiNetworkConfiguration.swift */; };
		F15FB9552AA78AA6001580D2 /* CharacterRepository.swift in Sources */ = {isa = PBXBuildFile; fileRef = F15FB9442AA78AA6001580D2 /* CharacterRepository.swift */; };
		F15FB9562AA78AA6001580D2 /* character_mock_response.json in Resources */ = {isa = PBXBuildFile; fileRef = F15FB9452AA78AA6001580D2 /* character_mock_response.json */; };
		F15FB9572AA78AA6001580D2 /* CharacterEntity.swift in Sources */ = {isa = PBXBuildFile; fileRef = F15FB9462AA78AA6001580D2 /* CharacterEntity.swift */; };
		F15FB9582AA78AA6001580D2 /* CharacterModel.swift in Sources */ = {isa = PBXBuildFile; fileRef = F15FB9472AA78AA6001580D2 /* CharacterModel.swift */; };
		F15FB9592AA78AA6001580D2 /* CharacterUseCase.swift in Sources */ = {isa = PBXBuildFile; fileRef = F15FB9482AA78AA6001580D2 /* CharacterUseCase.swift */; };
		F15FB95A2AA78AA6001580D2 /* LocationEntity.swift in Sources */ = {isa = PBXBuildFile; fileRef = F15FB94A2AA78AA6001580D2 /* LocationEntity.swift */; };
		F15FB95B2AA78AA6001580D2 /* LocationUseCase.swift in Sources */ = {isa = PBXBuildFile; fileRef = F15FB94B2AA78AA6001580D2 /* LocationUseCase.swift */; };
		F15FB95C2AA78AA6001580D2 /* location_mock_response.json in Resources */ = {isa = PBXBuildFile; fileRef = F15FB94C2AA78AA6001580D2 /* location_mock_response.json */; };
		F15FB95D2AA78AA6001580D2 /* LocationModel.swift in Sources */ = {isa = PBXBuildFile; fileRef = F15FB94D2AA78AA6001580D2 /* LocationModel.swift */; };
		F15FB95E2AA78AA6001580D2 /* LocationRepository.swift in Sources */ = {isa = PBXBuildFile; fileRef = F15FB94E2AA78AA6001580D2 /* LocationRepository.swift */; };
		F15FB95F2AA78AA6001580D2 /* ImageEntity.swift in Sources */ = {isa = PBXBuildFile; fileRef = F15FB9502AA78AA6001580D2 /* ImageEntity.swift */; };
		F15FB9602AA78AA6001580D2 /* ImageUseCase.swift in Sources */ = {isa = PBXBuildFile; fileRef = F15FB9512AA78AA6001580D2 /* ImageUseCase.swift */; };
		F15FB9612AA78AA6001580D2 /* ImageRepository.swift in Sources */ = {isa = PBXBuildFile; fileRef = F15FB9522AA78AA6001580D2 /* ImageRepository.swift */; };
		F15FB9622AA78AA6001580D2 /* String+Extension.swift in Sources */ = {isa = PBXBuildFile; fileRef = F15FB9542AA78AA6001580D2 /* String+Extension.swift */; };
		F15FB9652AA78C02001580D2 /* CharacterViewModel.swift in Sources */ = {isa = PBXBuildFile; fileRef = F15FB9642AA78C02001580D2 /* CharacterViewModel.swift */; };
		F15FB9682AA78FA8001580D2 /* LocationView.swift in Sources */ = {isa = PBXBuildFile; fileRef = F15FB9672AA78FA8001580D2 /* LocationView.swift */; };
		F15FB96A2AA78FE9001580D2 /* LocationViewModel.swift in Sources */ = {isa = PBXBuildFile; fileRef = F15FB9692AA78FE9001580D2 /* LocationViewModel.swift */; };
		F15FB96D2AA79C5A001580D2 /* CharacterCell.swift in Sources */ = {isa = PBXBuildFile; fileRef = F15FB96C2AA79C5A001580D2 /* CharacterCell.swift */; };
		F15FB96F2AA79F23001580D2 /* CharacterCellViewModel.swift in Sources */ = {isa = PBXBuildFile; fileRef = F15FB96E2AA79F23001580D2 /* CharacterCellViewModel.swift */; };
		F15FB9712AA7A674001580D2 /* ProfileImageView.swift in Sources */ = {isa = PBXBuildFile; fileRef = F15FB9702AA7A674001580D2 /* ProfileImageView.swift */; };
		F1C2F2BA2AA7C53200FED3C9 /* Rick_MortyTests.swift in Sources */ = {isa = PBXBuildFile; fileRef = F1C2F2B92AA7C53200FED3C9 /* Rick_MortyTests.swift */; };
		F1C2F2C12AA7C56300FED3C9 /* UserDefaultTest.swift in Sources */ = {isa = PBXBuildFile; fileRef = F1C2F2C02AA7C56300FED3C9 /* UserDefaultTest.swift */; };
		F1C2F2D22AA7CB9800FED3C9 /* ImageLoader.swift in Sources */ = {isa = PBXBuildFile; fileRef = F1C2F2D12AA7CB9800FED3C9 /* ImageLoader.swift */; };
/* End PBXBuildFile section */

/* Begin PBXContainerItemProxy section */
		F1C2F2BB2AA7C53200FED3C9 /* PBXContainerItemProxy */ = {
			isa = PBXContainerItemProxy;
			containerPortal = F15FB9012AA77C39001580D2 /* Project object */;
			proxyType = 1;
			remoteGlobalIDString = F15FB9082AA77C39001580D2;
			remoteInfo = "Rick&Morty";
		};
/* End PBXContainerItemProxy section */

/* Begin PBXFileReference section */
		F15FB9092AA77C39001580D2 /* Rick&Morty.app */ = {isa = PBXFileReference; explicitFileType = wrapper.application; includeInIndex = 0; path = "Rick&Morty.app"; sourceTree = BUILT_PRODUCTS_DIR; };
		F15FB90C2AA77C39001580D2 /* Rick_MortyApp.swift */ = {isa = PBXFileReference; lastKnownFileType = sourcecode.swift; path = Rick_MortyApp.swift; sourceTree = "<group>"; };
		F15FB90E2AA77C39001580D2 /* CharacterView.swift */ = {isa = PBXFileReference; lastKnownFileType = sourcecode.swift; path = CharacterView.swift; sourceTree = "<group>"; };
		F15FB9102AA77C3A001580D2 /* Assets.xcassets */ = {isa = PBXFileReference; lastKnownFileType = folder.assetcatalog; path = Assets.xcassets; sourceTree = "<group>"; };
		F15FB9132AA77C3A001580D2 /* Preview Assets.xcassets */ = {isa = PBXFileReference; lastKnownFileType = folder.assetcatalog; path = "Preview Assets.xcassets"; sourceTree = "<group>"; };
		F15FB93A2AA78951001580D2 /* ApiNetwork.swift */ = {isa = PBXFileReference; lastKnownFileType = sourcecode.swift; path = ApiNetwork.swift; sourceTree = "<group>"; };
		F15FB93C2AA78958001580D2 /* ApiNetworkMock.swift */ = {isa = PBXFileReference; lastKnownFileType = sourcecode.swift; path = ApiNetworkMock.swift; sourceTree = "<group>"; };
		F15FB93E2AA78964001580D2 /* ApiNetworkModel.swift */ = {isa = PBXFileReference; lastKnownFileType = sourcecode.swift; path = ApiNetworkModel.swift; sourceTree = "<group>"; };
		F15FB9402AA78A29001580D2 /* ApiNetworkConfiguration.swift */ = {isa = PBXFileReference; lastKnownFileType = sourcecode.swift; path = ApiNetworkConfiguration.swift; sourceTree = "<group>"; };
		F15FB9442AA78AA6001580D2 /* CharacterRepository.swift */ = {isa = PBXFileReference; fileEncoding = 4; lastKnownFileType = sourcecode.swift; path = CharacterRepository.swift; sourceTree = "<group>"; };
		F15FB9452AA78AA6001580D2 /* character_mock_response.json */ = {isa = PBXFileReference; fileEncoding = 4; lastKnownFileType = text.json; path = character_mock_response.json; sourceTree = "<group>"; };
		F15FB9462AA78AA6001580D2 /* CharacterEntity.swift */ = {isa = PBXFileReference; fileEncoding = 4; lastKnownFileType = sourcecode.swift; path = CharacterEntity.swift; sourceTree = "<group>"; };
		F15FB9472AA78AA6001580D2 /* CharacterModel.swift */ = {isa = PBXFileReference; fileEncoding = 4; lastKnownFileType = sourcecode.swift; path = CharacterModel.swift; sourceTree = "<group>"; };
		F15FB9482AA78AA6001580D2 /* CharacterUseCase.swift */ = {isa = PBXFileReference; fileEncoding = 4; lastKnownFileType = sourcecode.swift; path = CharacterUseCase.swift; sourceTree = "<group>"; };
		F15FB94A2AA78AA6001580D2 /* LocationEntity.swift */ = {isa = PBXFileReference; fileEncoding = 4; lastKnownFileType = sourcecode.swift; path = LocationEntity.swift; sourceTree = "<group>"; };
		F15FB94B2AA78AA6001580D2 /* LocationUseCase.swift */ = {isa = PBXFileReference; fileEncoding = 4; lastKnownFileType = sourcecode.swift; path = LocationUseCase.swift; sourceTree = "<group>"; };
		F15FB94C2AA78AA6001580D2 /* location_mock_response.json */ = {isa = PBXFileReference; fileEncoding = 4; lastKnownFileType = text.json; path = location_mock_response.json; sourceTree = "<group>"; };
		F15FB94D2AA78AA6001580D2 /* LocationModel.swift */ = {isa = PBXFileReference; fileEncoding = 4; lastKnownFileType = sourcecode.swift; path = LocationModel.swift; sourceTree = "<group>"; };
		F15FB94E2AA78AA6001580D2 /* LocationRepository.swift */ = {isa = PBXFileReference; fileEncoding = 4; lastKnownFileType = sourcecode.swift; path = LocationRepository.swift; sourceTree = "<group>"; };
		F15FB9502AA78AA6001580D2 /* ImageEntity.swift */ = {isa = PBXFileReference; fileEncoding = 4; lastKnownFileType = sourcecode.swift; path = ImageEntity.swift; sourceTree = "<group>"; };
		F15FB9512AA78AA6001580D2 /* ImageUseCase.swift */ = {isa = PBXFileReference; fileEncoding = 4; lastKnownFileType = sourcecode.swift; path = ImageUseCase.swift; sourceTree = "<group>"; };
		F15FB9522AA78AA6001580D2 /* ImageRepository.swift */ = {isa = PBXFileReference; fileEncoding = 4; lastKnownFileType = sourcecode.swift; path = ImageRepository.swift; sourceTree = "<group>"; };
		F15FB9542AA78AA6001580D2 /* String+Extension.swift */ = {isa = PBXFileReference; fileEncoding = 4; lastKnownFileType = sourcecode.swift; path = "String+Extension.swift"; sourceTree = "<group>"; };
		F15FB9642AA78C02001580D2 /* CharacterViewModel.swift */ = {isa = PBXFileReference; lastKnownFileType = sourcecode.swift; path = CharacterViewModel.swift; sourceTree = "<group>"; };
		F15FB9672AA78FA8001580D2 /* LocationView.swift */ = {isa = PBXFileReference; lastKnownFileType = sourcecode.swift; path = LocationView.swift; sourceTree = "<group>"; };
		F15FB9692AA78FE9001580D2 /* LocationViewModel.swift */ = {isa = PBXFileReference; lastKnownFileType = sourcecode.swift; path = LocationViewModel.swift; sourceTree = "<group>"; };
		F15FB96C2AA79C5A001580D2 /* CharacterCell.swift */ = {isa = PBXFileReference; lastKnownFileType = sourcecode.swift; path = CharacterCell.swift; sourceTree = "<group>"; };
		F15FB96E2AA79F23001580D2 /* CharacterCellViewModel.swift */ = {isa = PBXFileReference; lastKnownFileType = sourcecode.swift; path = CharacterCellViewModel.swift; sourceTree = "<group>"; };
		F15FB9702AA7A674001580D2 /* ProfileImageView.swift */ = {isa = PBXFileReference; lastKnownFileType = sourcecode.swift; path = ProfileImageView.swift; sourceTree = "<group>"; };
		F1C2F2B72AA7C53200FED3C9 /* Rick&MortyTests.xctest */ = {isa = PBXFileReference; explicitFileType = wrapper.cfbundle; includeInIndex = 0; path = "Rick&MortyTests.xctest"; sourceTree = BUILT_PRODUCTS_DIR; };
		F1C2F2B92AA7C53200FED3C9 /* Rick_MortyTests.swift */ = {isa = PBXFileReference; lastKnownFileType = sourcecode.swift; path = Rick_MortyTests.swift; sourceTree = "<group>"; };
		F1C2F2C02AA7C56300FED3C9 /* UserDefaultTest.swift */ = {isa = PBXFileReference; lastKnownFileType = sourcecode.swift; path = UserDefaultTest.swift; sourceTree = "<group>"; };
		F1C2F2D12AA7CB9800FED3C9 /* ImageLoader.swift */ = {isa = PBXFileReference; lastKnownFileType = sourcecode.swift; path = ImageLoader.swift; sourceTree = "<group>"; };
/* End PBXFileReference section */

/* Begin PBXFrameworksBuildPhase section */
		F15FB9062AA77C39001580D2 /* Frameworks */ = {
			isa = PBXFrameworksBuildPhase;
			buildActionMask = 2147483647;
			files = (
			);
			runOnlyForDeploymentPostprocessing = 0;
		};
		F1C2F2B42AA7C53200FED3C9 /* Frameworks */ = {
			isa = PBXFrameworksBuildPhase;
			buildActionMask = 2147483647;
			files = (
			);
			runOnlyForDeploymentPostprocessing = 0;
		};
/* End PBXFrameworksBuildPhase section */

/* Begin PBXGroup section */
		F15FB9002AA77C39001580D2 = {
			isa = PBXGroup;
			children = (
				F15FB90B2AA77C39001580D2 /* Rick&Morty */,
				F1C2F2B82AA7C53200FED3C9 /* Rick&MortyTests */,
				F15FB90A2AA77C39001580D2 /* Products */,
			);
			sourceTree = "<group>";
		};
		F15FB90A2AA77C39001580D2 /* Products */ = {
			isa = PBXGroup;
			children = (
				F15FB9092AA77C39001580D2 /* Rick&Morty.app */,
				F1C2F2B72AA7C53200FED3C9 /* Rick&MortyTests.xctest */,
			);
			name = Products;
			sourceTree = "<group>";
		};
		F15FB90B2AA77C39001580D2 /* Rick&Morty */ = {
			isa = PBXGroup;
			children = (
				F15FB90C2AA77C39001580D2 /* Rick_MortyApp.swift */,
				F15FB9382AA77CEB001580D2 /* Common */,
				F15FB9372AA77CE5001580D2 /* Features */,
				F15FB9362AA77CE0001580D2 /* Resources */,
				F15FB9122AA77C3A001580D2 /* Preview Content */,
			);
			path = "Rick&Morty";
			sourceTree = "<group>";
		};
		F15FB9122AA77C3A001580D2 /* Preview Content */ = {
			isa = PBXGroup;
			children = (
				F15FB9132AA77C3A001580D2 /* Preview Assets.xcassets */,
			);
			path = "Preview Content";
			sourceTree = "<group>";
		};
		F15FB9362AA77CE0001580D2 /* Resources */ = {
			isa = PBXGroup;
			children = (
				F15FB9102AA77C3A001580D2 /* Assets.xcassets */,
			);
			path = Resources;
			sourceTree = "<group>";
		};
		F15FB9372AA77CE5001580D2 /* Features */ = {
			isa = PBXGroup;
			children = (
				F15FB9662AA78F9E001580D2 /* Location */,
				F15FB9632AA78B98001580D2 /* Character */,
			);
			path = Features;
			sourceTree = "<group>";
		};
		F15FB9382AA77CEB001580D2 /* Common */ = {
			isa = PBXGroup;
			children = (
				F15FB9422AA78AA6001580D2 /* DataSource */,
				F15FB9532AA78AA6001580D2 /* Extension */,
				F15FB9392AA78942001580D2 /* Network */,
			);
			path = Common;
			sourceTree = "<group>";
		};
		F15FB9392AA78942001580D2 /* Network */ = {
			isa = PBXGroup;
			children = (
				F15FB93A2AA78951001580D2 /* ApiNetwork.swift */,
				F15FB93C2AA78958001580D2 /* ApiNetworkMock.swift */,
				F15FB93E2AA78964001580D2 /* ApiNetworkModel.swift */,
				F15FB9402AA78A29001580D2 /* ApiNetworkConfiguration.swift */,
			);
			path = Network;
			sourceTree = "<group>";
		};
		F15FB9422AA78AA6001580D2 /* DataSource */ = {
			isa = PBXGroup;
			children = (
				F15FB9432AA78AA6001580D2 /* Character */,
				F15FB9492AA78AA6001580D2 /* Location */,
				F15FB94F2AA78AA6001580D2 /* Image */,
			);
			path = DataSource;
			sourceTree = "<group>";
		};
		F15FB9432AA78AA6001580D2 /* Character */ = {
			isa = PBXGroup;
			children = (
				F15FB9442AA78AA6001580D2 /* CharacterRepository.swift */,
				F15FB9452AA78AA6001580D2 /* character_mock_response.json */,
				F15FB9462AA78AA6001580D2 /* CharacterEntity.swift */,
				F15FB9472AA78AA6001580D2 /* CharacterModel.swift */,
				F15FB9482AA78AA6001580D2 /* CharacterUseCase.swift */,
			);
			path = Character;
			sourceTree = "<group>";
		};
		F15FB9492AA78AA6001580D2 /* Location */ = {
			isa = PBXGroup;
			children = (
				F15FB94A2AA78AA6001580D2 /* LocationEntity.swift */,
				F15FB94B2AA78AA6001580D2 /* LocationUseCase.swift */,
				F15FB94C2AA78AA6001580D2 /* location_mock_response.json */,
				F15FB94D2AA78AA6001580D2 /* LocationModel.swift */,
				F15FB94E2AA78AA6001580D2 /* LocationRepository.swift */,
			);
			path = Location;
			sourceTree = "<group>";
		};
		F15FB94F2AA78AA6001580D2 /* Image */ = {
			isa = PBXGroup;
			children = (
				F15FB9502AA78AA6001580D2 /* ImageEntity.swift */,
				F15FB9512AA78AA6001580D2 /* ImageUseCase.swift */,
				F15FB9522AA78AA6001580D2 /* ImageRepository.swift */,
			);
			path = Image;
			sourceTree = "<group>";
		};
		F15FB9532AA78AA6001580D2 /* Extension */ = {
			isa = PBXGroup;
			children = (
				F15FB9542AA78AA6001580D2 /* String+Extension.swift */,
			);
			path = Extension;
			sourceTree = "<group>";
		};
		F15FB9632AA78B98001580D2 /* Character */ = {
			isa = PBXGroup;
			children = (
				F15FB96B2AA79C4F001580D2 /* Cell */,
				F15FB90E2AA77C39001580D2 /* CharacterView.swift */,
				F15FB9642AA78C02001580D2 /* CharacterViewModel.swift */,
			);
			path = Character;
			sourceTree = "<group>";
		};
		F15FB9662AA78F9E001580D2 /* Location */ = {
			isa = PBXGroup;
			children = (
				F15FB9672AA78FA8001580D2 /* LocationView.swift */,
				F15FB9692AA78FE9001580D2 /* LocationViewModel.swift */,
			);
			path = Location;
			sourceTree = "<group>";
		};
		F15FB96B2AA79C4F001580D2 /* Cell */ = {
			isa = PBXGroup;
			children = (
				F15FB96C2AA79C5A001580D2 /* CharacterCell.swift */,
				F15FB96E2AA79F23001580D2 /* CharacterCellViewModel.swift */,
				F15FB9702AA7A674001580D2 /* ProfileImageView.swift */,
				F1C2F2D12AA7CB9800FED3C9 /* ImageLoader.swift */,
			);
			path = Cell;
			sourceTree = "<group>";
		};
		F1C2F2B82AA7C53200FED3C9 /* Rick&MortyTests */ = {
			isa = PBXGroup;
			children = (
				F1C2F2B92AA7C53200FED3C9 /* Rick_MortyTests.swift */,
				F1C2F2C02AA7C56300FED3C9 /* UserDefaultTest.swift */,
			);
			path = "Rick&MortyTests";
			sourceTree = "<group>";
		};
/* End PBXGroup section */

/* Begin PBXNativeTarget section */
		F15FB9082AA77C39001580D2 /* Rick&Morty */ = {
			isa = PBXNativeTarget;
			buildConfigurationList = F15FB92D2AA77C3A001580D2 /* Build configuration list for PBXNativeTarget "Rick&Morty" */;
			buildPhases = (
				F15FB9052AA77C39001580D2 /* Sources */,
				F15FB9062AA77C39001580D2 /* Frameworks */,
				F15FB9072AA77C39001580D2 /* Resources */,
			);
			buildRules = (
			);
			dependencies = (
			);
			name = "Rick&Morty";
			productName = "Rick&Morty";
			productReference = F15FB9092AA77C39001580D2 /* Rick&Morty.app */;
			productType = "com.apple.product-type.application";
		};
		F1C2F2B62AA7C53200FED3C9 /* Rick&MortyTests */ = {
			isa = PBXNativeTarget;
			buildConfigurationList = F1C2F2BD2AA7C53200FED3C9 /* Build configuration list for PBXNativeTarget "Rick&MortyTests" */;
			buildPhases = (
				F1C2F2B32AA7C53200FED3C9 /* Sources */,
				F1C2F2B42AA7C53200FED3C9 /* Frameworks */,
				F1C2F2B52AA7C53200FED3C9 /* Resources */,
			);
			buildRules = (
			);
			dependencies = (
				F1C2F2BC2AA7C53200FED3C9 /* PBXTargetDependency */,
			);
			name = "Rick&MortyTests";
			productName = "Rick&MortyTests";
			productReference = F1C2F2B72AA7C53200FED3C9 /* Rick&MortyTests.xctest */;
			productType = "com.apple.product-type.bundle.unit-test";
		};
/* End PBXNativeTarget section */

/* Begin PBXProject section */
		F15FB9012AA77C39001580D2 /* Project object */ = {
			isa = PBXProject;
			attributes = {
				BuildIndependentTargetsInParallel = 1;
				LastSwiftUpdateCheck = 1430;
				LastUpgradeCheck = 1430;
				TargetAttributes = {
					F15FB9082AA77C39001580D2 = {
						CreatedOnToolsVersion = 14.3.1;
					};
					F1C2F2B62AA7C53200FED3C9 = {
						CreatedOnToolsVersion = 14.3.1;
						TestTargetID = F15FB9082AA77C39001580D2;
					};
				};
			};
			buildConfigurationList = F15FB9042AA77C39001580D2 /* Build configuration list for PBXProject "Rick&Morty" */;
			compatibilityVersion = "Xcode 14.0";
			developmentRegion = en;
			hasScannedForEncodings = 0;
			knownRegions = (
				en,
				Base,
			);
			mainGroup = F15FB9002AA77C39001580D2;
			productRefGroup = F15FB90A2AA77C39001580D2 /* Products */;
			projectDirPath = "";
			projectRoot = "";
			targets = (
				F15FB9082AA77C39001580D2 /* Rick&Morty */,
				F1C2F2B62AA7C53200FED3C9 /* Rick&MortyTests */,
			);
		};
/* End PBXProject section */

/* Begin PBXResourcesBuildPhase section */
		F15FB9072AA77C39001580D2 /* Resources */ = {
			isa = PBXResourcesBuildPhase;
			buildActionMask = 2147483647;
			files = (
				F15FB9562AA78AA6001580D2 /* character_mock_response.json in Resources */,
				F15FB9142AA77C3A001580D2 /* Preview Assets.xcassets in Resources */,
				F15FB9112AA77C3A001580D2 /* Assets.xcassets in Resources */,
				F15FB95C2AA78AA6001580D2 /* location_mock_response.json in Resources */,
			);
			runOnlyForDeploymentPostprocessing = 0;
		};
		F1C2F2B52AA7C53200FED3C9 /* Resources */ = {
			isa = PBXResourcesBuildPhase;
			buildActionMask = 2147483647;
			files = (
			);
			runOnlyForDeploymentPostprocessing = 0;
		};
/* End PBXResourcesBuildPhase section */

/* Begin PBXSourcesBuildPhase section */
		F15FB9052AA77C39001580D2 /* Sources */ = {
			isa = PBXSourcesBuildPhase;
			buildActionMask = 2147483647;
			files = (
				F15FB9712AA7A674001580D2 /* ProfileImageView.swift in Sources */,
				F15FB93B2AA78951001580D2 /* ApiNetwork.swift in Sources */,
				F15FB93D2AA78958001580D2 /* ApiNetworkMock.swift in Sources */,
				F15FB95E2AA78AA6001580D2 /* LocationRepository.swift in Sources */,
				F15FB96D2AA79C5A001580D2 /* CharacterCell.swift in Sources */,
				F15FB95F2AA78AA6001580D2 /* ImageEntity.swift in Sources */,
				F15FB96A2AA78FE9001580D2 /* LocationViewModel.swift in Sources */,
				F15FB9572AA78AA6001580D2 /* CharacterEntity.swift in Sources */,
				F15FB9412AA78A29001580D2 /* ApiNetworkConfiguration.swift in Sources */,
				F15FB90F2AA77C39001580D2 /* CharacterView.swift in Sources */,
				F15FB9552AA78AA6001580D2 /* CharacterRepository.swift in Sources */,
				F15FB9582AA78AA6001580D2 /* CharacterModel.swift in Sources */,
				F15FB9602AA78AA6001580D2 /* ImageUseCase.swift in Sources */,
				F15FB9652AA78C02001580D2 /* CharacterViewModel.swift in Sources */,
				F15FB9622AA78AA6001580D2 /* String+Extension.swift in Sources */,
				F15FB93F2AA78964001580D2 /* ApiNetworkModel.swift in Sources */,
				F15FB9612AA78AA6001580D2 /* ImageRepository.swift in Sources */,
				F1C2F2D22AA7CB9800FED3C9 /* ImageLoader.swift in Sources */,
				F15FB90D2AA77C39001580D2 /* Rick_MortyApp.swift in Sources */,
				F15FB9592AA78AA6001580D2 /* CharacterUseCase.swift in Sources */,
				F15FB95D2AA78AA6001580D2 /* LocationModel.swift in Sources */,
				F15FB96F2AA79F23001580D2 /* CharacterCellViewModel.swift in Sources */,
				F15FB9682AA78FA8001580D2 /* LocationView.swift in Sources */,
				F15FB95B2AA78AA6001580D2 /* LocationUseCase.swift in Sources */,
				F15FB95A2AA78AA6001580D2 /* LocationEntity.swift in Sources */,
			);
			runOnlyForDeploymentPostprocessing = 0;
		};
		F1C2F2B32AA7C53200FED3C9 /* Sources */ = {
			isa = PBXSourcesBuildPhase;
			buildActionMask = 2147483647;
			files = (
				F1C2F2C12AA7C56300FED3C9 /* UserDefaultTest.swift in Sources */,
				F1C2F2BA2AA7C53200FED3C9 /* Rick_MortyTests.swift in Sources */,
			);
			runOnlyForDeploymentPostprocessing = 0;
		};
/* End PBXSourcesBuildPhase section */

/* Begin PBXTargetDependency section */
		F1C2F2BC2AA7C53200FED3C9 /* PBXTargetDependency */ = {
			isa = PBXTargetDependency;
			target = F15FB9082AA77C39001580D2 /* Rick&Morty */;
			targetProxy = F1C2F2BB2AA7C53200FED3C9 /* PBXContainerItemProxy */;
		};
/* End PBXTargetDependency section */

/* Begin XCBuildConfiguration section */
		F15FB92B2AA77C3A001580D2 /* Debug */ = {
			isa = XCBuildConfiguration;
			buildSettings = {
				ALWAYS_SEARCH_USER_PATHS = NO;
				CLANG_ANALYZER_NONNULL = YES;
				CLANG_ANALYZER_NUMBER_OBJECT_CONVERSION = YES_AGGRESSIVE;
				CLANG_CXX_LANGUAGE_STANDARD = "gnu++20";
				CLANG_ENABLE_MODULES = YES;
				CLANG_ENABLE_OBJC_ARC = YES;
				CLANG_ENABLE_OBJC_WEAK = YES;
				CLANG_WARN_BLOCK_CAPTURE_AUTORELEASING = YES;
				CLANG_WARN_BOOL_CONVERSION = YES;
				CLANG_WARN_COMMA = YES;
				CLANG_WARN_CONSTANT_CONVERSION = YES;
				CLANG_WARN_DEPRECATED_OBJC_IMPLEMENTATIONS = YES;
				CLANG_WARN_DIRECT_OBJC_ISA_USAGE = YES_ERROR;
				CLANG_WARN_DOCUMENTATION_COMMENTS = YES;
				CLANG_WARN_EMPTY_BODY = YES;
				CLANG_WARN_ENUM_CONVERSION = YES;
				CLANG_WARN_INFINITE_RECURSION = YES;
				CLANG_WARN_INT_CONVERSION = YES;
				CLANG_WARN_NON_LITERAL_NULL_CONVERSION = YES;
				CLANG_WARN_OBJC_IMPLICIT_RETAIN_SELF = YES;
				CLANG_WARN_OBJC_LITERAL_CONVERSION = YES;
				CLANG_WARN_OBJC_ROOT_CLASS = YES_ERROR;
				CLANG_WARN_QUOTED_INCLUDE_IN_FRAMEWORK_HEADER = YES;
				CLANG_WARN_RANGE_LOOP_ANALYSIS = YES;
				CLANG_WARN_STRICT_PROTOTYPES = YES;
				CLANG_WARN_SUSPICIOUS_MOVE = YES;
				CLANG_WARN_UNGUARDED_AVAILABILITY = YES_AGGRESSIVE;
				CLANG_WARN_UNREACHABLE_CODE = YES;
				CLANG_WARN__DUPLICATE_METHOD_MATCH = YES;
				COPY_PHASE_STRIP = NO;
				DEBUG_INFORMATION_FORMAT = dwarf;
				ENABLE_STRICT_OBJC_MSGSEND = YES;
				ENABLE_TESTABILITY = YES;
				GCC_C_LANGUAGE_STANDARD = gnu11;
				GCC_DYNAMIC_NO_PIC = NO;
				GCC_NO_COMMON_BLOCKS = YES;
				GCC_OPTIMIZATION_LEVEL = 0;
				GCC_PREPROCESSOR_DEFINITIONS = (
					"DEBUG=1",
					"$(inherited)",
				);
				GCC_WARN_64_TO_32_BIT_CONVERSION = YES;
				GCC_WARN_ABOUT_RETURN_TYPE = YES_ERROR;
				GCC_WARN_UNDECLARED_SELECTOR = YES;
				GCC_WARN_UNINITIALIZED_AUTOS = YES_AGGRESSIVE;
				GCC_WARN_UNUSED_FUNCTION = YES;
				GCC_WARN_UNUSED_VARIABLE = YES;
				IPHONEOS_DEPLOYMENT_TARGET = 16.4;
				MTL_ENABLE_DEBUG_INFO = INCLUDE_SOURCE;
				MTL_FAST_MATH = YES;
				ONLY_ACTIVE_ARCH = YES;
				SDKROOT = iphoneos;
				SWIFT_ACTIVE_COMPILATION_CONDITIONS = DEBUG;
				SWIFT_OPTIMIZATION_LEVEL = "-Onone";
			};
			name = Debug;
		};
		F15FB92C2AA77C3A001580D2 /* Release */ = {
			isa = XCBuildConfiguration;
			buildSettings = {
				ALWAYS_SEARCH_USER_PATHS = NO;
				CLANG_ANALYZER_NONNULL = YES;
				CLANG_ANALYZER_NUMBER_OBJECT_CONVERSION = YES_AGGRESSIVE;
				CLANG_CXX_LANGUAGE_STANDARD = "gnu++20";
				CLANG_ENABLE_MODULES = YES;
				CLANG_ENABLE_OBJC_ARC = YES;
				CLANG_ENABLE_OBJC_WEAK = YES;
				CLANG_WARN_BLOCK_CAPTURE_AUTORELEASING = YES;
				CLANG_WARN_BOOL_CONVERSION = YES;
				CLANG_WARN_COMMA = YES;
				CLANG_WARN_CONSTANT_CONVERSION = YES;
				CLANG_WARN_DEPRECATED_OBJC_IMPLEMENTATIONS = YES;
				CLANG_WARN_DIRECT_OBJC_ISA_USAGE = YES_ERROR;
				CLANG_WARN_DOCUMENTATION_COMMENTS = YES;
				CLANG_WARN_EMPTY_BODY = YES;
				CLANG_WARN_ENUM_CONVERSION = YES;
				CLANG_WARN_INFINITE_RECURSION = YES;
				CLANG_WARN_INT_CONVERSION = YES;
				CLANG_WARN_NON_LITERAL_NULL_CONVERSION = YES;
				CLANG_WARN_OBJC_IMPLICIT_RETAIN_SELF = YES;
				CLANG_WARN_OBJC_LITERAL_CONVERSION = YES;
				CLANG_WARN_OBJC_ROOT_CLASS = YES_ERROR;
				CLANG_WARN_QUOTED_INCLUDE_IN_FRAMEWORK_HEADER = YES;
				CLANG_WARN_RANGE_LOOP_ANALYSIS = YES;
				CLANG_WARN_STRICT_PROTOTYPES = YES;
				CLANG_WARN_SUSPICIOUS_MOVE = YES;
				CLANG_WARN_UNGUARDED_AVAILABILITY = YES_AGGRESSIVE;
				CLANG_WARN_UNREACHABLE_CODE = YES;
				CLANG_WARN__DUPLICATE_METHOD_MATCH = YES;
				COPY_PHASE_STRIP = NO;
				DEBUG_INFORMATION_FORMAT = "dwarf-with-dsym";
				ENABLE_NS_ASSERTIONS = NO;
				ENABLE_STRICT_OBJC_MSGSEND = YES;
				GCC_C_LANGUAGE_STANDARD = gnu11;
				GCC_NO_COMMON_BLOCKS = YES;
				GCC_WARN_64_TO_32_BIT_CONVERSION = YES;
				GCC_WARN_ABOUT_RETURN_TYPE = YES_ERROR;
				GCC_WARN_UNDECLARED_SELECTOR = YES;
				GCC_WARN_UNINITIALIZED_AUTOS = YES_AGGRESSIVE;
				GCC_WARN_UNUSED_FUNCTION = YES;
				GCC_WARN_UNUSED_VARIABLE = YES;
				IPHONEOS_DEPLOYMENT_TARGET = 16.4;
				MTL_ENABLE_DEBUG_INFO = NO;
				MTL_FAST_MATH = YES;
				SDKROOT = iphoneos;
				SWIFT_COMPILATION_MODE = wholemodule;
				SWIFT_OPTIMIZATION_LEVEL = "-O";
				VALIDATE_PRODUCT = YES;
			};
			name = Release;
		};
		F15FB92E2AA77C3A001580D2 /* Debug */ = {
			isa = XCBuildConfiguration;
			buildSettings = {
				ASSETCATALOG_COMPILER_APPICON_NAME = AppIcon;
				ASSETCATALOG_COMPILER_GLOBAL_ACCENT_COLOR_NAME = AccentColor;
				CODE_SIGN_STYLE = Automatic;
				CURRENT_PROJECT_VERSION = 1;
				DEVELOPMENT_ASSET_PATHS = "\"Rick&Morty/Preview Content\"";
				DEVELOPMENT_TEAM = S2BEC8V882;
				ENABLE_PREVIEWS = YES;
				GENERATE_INFOPLIST_FILE = YES;
				INFOPLIST_KEY_UIApplicationSceneManifest_Generation = YES;
				INFOPLIST_KEY_UIApplicationSupportsIndirectInputEvents = YES;
				INFOPLIST_KEY_UILaunchScreen_Generation = YES;
				INFOPLIST_KEY_UISupportedInterfaceOrientations_iPad = "UIInterfaceOrientationPortrait UIInterfaceOrientationPortraitUpsideDown UIInterfaceOrientationLandscapeLeft UIInterfaceOrientationLandscapeRight";
				INFOPLIST_KEY_UISupportedInterfaceOrientations_iPhone = "UIInterfaceOrientationPortrait UIInterfaceOrientationLandscapeLeft UIInterfaceOrientationLandscapeRight";
				LD_RUNPATH_SEARCH_PATHS = (
					"$(inherited)",
					"@executable_path/Frameworks",
				);
				MARKETING_VERSION = 1.0;
				PRODUCT_BUNDLE_IDENTIFIER = "ddg.Rick-Morty";
				PRODUCT_NAME = "$(TARGET_NAME)";
				SWIFT_EMIT_LOC_STRINGS = YES;
				SWIFT_VERSION = 5.0;
				TARGETED_DEVICE_FAMILY = "1,2";
			};
			name = Debug;
		};
		F15FB92F2AA77C3A001580D2 /* Release */ = {
			isa = XCBuildConfiguration;
			buildSettings = {
				ASSETCATALOG_COMPILER_APPICON_NAME = AppIcon;
				ASSETCATALOG_COMPILER_GLOBAL_ACCENT_COLOR_NAME = AccentColor;
				CODE_SIGN_STYLE = Automatic;
				CURRENT_PROJECT_VERSION = 1;
				DEVELOPMENT_ASSET_PATHS = "\"Rick&Morty/Preview Content\"";
				DEVELOPMENT_TEAM = S2BEC8V882;
				ENABLE_PREVIEWS = YES;
				GENERATE_INFOPLIST_FILE = YES;
				INFOPLIST_KEY_UIApplicationSceneManifest_Generation = YES;
				INFOPLIST_KEY_UIApplicationSupportsIndirectInputEvents = YES;
				INFOPLIST_KEY_UILaunchScreen_Generation = YES;
				INFOPLIST_KEY_UISupportedInterfaceOrientations_iPad = "UIInterfaceOrientationPortrait UIInterfaceOrientationPortraitUpsideDown UIInterfaceOrientationLandscapeLeft UIInterfaceOrientationLandscapeRight";
				INFOPLIST_KEY_UISupportedInterfaceOrientations_iPhone = "UIInterfaceOrientationPortrait UIInterfaceOrientationLandscapeLeft UIInterfaceOrientationLandscapeRight";
				LD_RUNPATH_SEARCH_PATHS = (
					"$(inherited)",
					"@executable_path/Frameworks",
				);
				MARKETING_VERSION = 1.0;
				PRODUCT_BUNDLE_IDENTIFIER = "ddg.Rick-Morty";
				PRODUCT_NAME = "$(TARGET_NAME)";
				SWIFT_EMIT_LOC_STRINGS = YES;
				SWIFT_VERSION = 5.0;
				TARGETED_DEVICE_FAMILY = "1,2";
			};
			name = Release;
		};
		F1C2F2BE2AA7C53200FED3C9 /* Debug */ = {
			isa = XCBuildConfiguration;
			buildSettings = {
				BUNDLE_LOADER = "$(TEST_HOST)";
				CODE_SIGN_STYLE = Automatic;
				CURRENT_PROJECT_VERSION = 1;
				DEVELOPMENT_TEAM = S2BEC8V882;
				GENERATE_INFOPLIST_FILE = YES;
				MARKETING_VERSION = 1.0;
				PRODUCT_BUNDLE_IDENTIFIER = "ddg.Rick-MortyTests";
				PRODUCT_NAME = "$(TARGET_NAME)";
				SWIFT_EMIT_LOC_STRINGS = NO;
				SWIFT_VERSION = 5.0;
				TARGETED_DEVICE_FAMILY = "1,2";
				TEST_HOST = "$(BUILT_PRODUCTS_DIR)/Rick&Morty.app/$(BUNDLE_EXECUTABLE_FOLDER_PATH)/Rick&Morty";
			};
			name = Debug;
		};
		F1C2F2BF2AA7C53200FED3C9 /* Release */ = {
			isa = XCBuildConfiguration;
			buildSettings = {
				BUNDLE_LOADER = "$(TEST_HOST)";
				CODE_SIGN_STYLE = Automatic;
				CURRENT_PROJECT_VERSION = 1;
				DEVELOPMENT_TEAM = S2BEC8V882;
				GENERATE_INFOPLIST_FILE = YES;
				MARKETING_VERSION = 1.0;
				PRODUCT_BUNDLE_IDENTIFIER = "ddg.Rick-MortyTests";
				PRODUCT_NAME = "$(TARGET_NAME)";
				SWIFT_EMIT_LOC_STRINGS = NO;
				SWIFT_VERSION = 5.0;
				TARGETED_DEVICE_FAMILY = "1,2";
				TEST_HOST = "$(BUILT_PRODUCTS_DIR)/Rick&Morty.app/$(BUNDLE_EXECUTABLE_FOLDER_PATH)/Rick&Morty";
			};
			name = Release;
		};
/* End XCBuildConfiguration section */

/* Begin XCConfigurationList section */
		F15FB9042AA77C39001580D2 /* Build configuration list for PBXProject "Rick&Morty" */ = {
			isa = XCConfigurationList;
			buildConfigurations = (
				F15FB92B2AA77C3A001580D2 /* Debug */,
				F15FB92C2AA77C3A001580D2 /* Release */,
			);
			defaultConfigurationIsVisible = 0;
			defaultConfigurationName = Release;
		};
		F15FB92D2AA77C3A001580D2 /* Build configuration list for PBXNativeTarget "Rick&Morty" */ = {
			isa = XCConfigurationList;
			buildConfigurations = (
				F15FB92E2AA77C3A001580D2 /* Debug */,
				F15FB92F2AA77C3A001580D2 /* Release */,
			);
			defaultConfigurationIsVisible = 0;
			defaultConfigurationName = Release;
		};
		F1C2F2BD2AA7C53200FED3C9 /* Build configuration list for PBXNativeTarget "Rick&MortyTests" */ = {
			isa = XCConfigurationList;
			buildConfigurations = (
				F1C2F2BE2AA7C53200FED3C9 /* Debug */,
				F1C2F2BF2AA7C53200FED3C9 /* Release */,
			);
			defaultConfigurationIsVisible = 0;
			defaultConfigurationName = Release;
		};
/* End XCConfigurationList section */
	};
	rootObject = F15FB9012AA77C39001580D2 /* Project object */;
}
